// !$*UTF8*$!
{
	archiveVersion = 1;
	classes = {
	};
	objectVersion = 56;
	objects = {

/* Begin PBXBuildFile section */
		7E4A2ADE2C090092001DBA06 /* Test_AssignmentApp.swift in Sources */ = {isa = PBXBuildFile; fileRef = 7E4A2ADD2C090092001DBA06 /* Test_AssignmentApp.swift */; };
		7E4A2AE22C090093001DBA06 /* Assets.xcassets in Resources */ = {isa = PBXBuildFile; fileRef = 7E4A2AE12C090093001DBA06 /* Assets.xcassets */; };
		7E4A2AE52C090093001DBA06 /* Preview Assets.xcassets in Resources */ = {isa = PBXBuildFile; fileRef = 7E4A2AE42C090093001DBA06 /* Preview Assets.xcassets */; };
		7E4A2AEE2C09124C001DBA06 /* PlaceholderView.swift in Sources */ = {isa = PBXBuildFile; fileRef = 7E4A2AED2C09124C001DBA06 /* PlaceholderView.swift */; };
		7E4A2AF02C0912AA001DBA06 /* OnboardingView.swift in Sources */ = {isa = PBXBuildFile; fileRef = 7E4A2AEF2C0912AA001DBA06 /* OnboardingView.swift */; };
		7E4A2AF42C09209B001DBA06 /* MainView.swift in Sources */ = {isa = PBXBuildFile; fileRef = 7E4A2AF32C09209B001DBA06 /* MainView.swift */; };
		7E4A2AF62C092CA7001DBA06 /* SetView.swift in Sources */ = {isa = PBXBuildFile; fileRef = 7E4A2AF52C092CA7001DBA06 /* SetView.swift */; };
		7E4A2AF82C0938D8001DBA06 /* SettingsView.swift in Sources */ = {isa = PBXBuildFile; fileRef = 7E4A2AF72C0938D8001DBA06 /* SettingsView.swift */; };
		7E4A2AFA2C093ACB001DBA06 /* MainScreen.swift in Sources */ = {isa = PBXBuildFile; fileRef = 7E4A2AF92C093ACB001DBA06 /* MainScreen.swift */; };
		7E4A2AFC2C094198001DBA06 /* BackButton.swift in Sources */ = {isa = PBXBuildFile; fileRef = 7E4A2AFB2C094198001DBA06 /* BackButton.swift */; };
		7E4A2AFE2C09429F001DBA06 /* TermsView.swift in Sources */ = {isa = PBXBuildFile; fileRef = 7E4A2AFD2C09429F001DBA06 /* TermsView.swift */; };
		7E4A2B002C094484001DBA06 /* PolicyView.swift in Sources */ = {isa = PBXBuildFile; fileRef = 7E4A2AFF2C094484001DBA06 /* PolicyView.swift */; };
		7E4A2B022C09457E001DBA06 /* AllSetsView.swift in Sources */ = {isa = PBXBuildFile; fileRef = 7E4A2B012C09457E001DBA06 /* AllSetsView.swift */; };
		7E4A2B052C094651001DBA06 /* SetsData.swift in Sources */ = {isa = PBXBuildFile; fileRef = 7E4A2B042C094651001DBA06 /* SetsData.swift */; };
		7E4A2B072C094671001DBA06 /* SetModel.swift in Sources */ = {isa = PBXBuildFile; fileRef = 7E4A2B062C094671001DBA06 /* SetModel.swift */; };
		7E4A2B092C0946D6001DBA06 /* ExerciseModel.swift in Sources */ = {isa = PBXBuildFile; fileRef = 7E4A2B082C0946D6001DBA06 /* ExerciseModel.swift */; };
		7E4A2B0B2C09487D001DBA06 /* DetailView.swift in Sources */ = {isa = PBXBuildFile; fileRef = 7E4A2B0A2C09487D001DBA06 /* DetailView.swift */; };
		7E4A2B0D2C098C64001DBA06 /* ActiveView.swift in Sources */ = {isa = PBXBuildFile; fileRef = 7E4A2B0C2C098C63001DBA06 /* ActiveView.swift */; };
		7E4A2B0F2C0996D6001DBA06 /* CompleteView.swift in Sources */ = {isa = PBXBuildFile; fileRef = 7E4A2B0E2C0996D6001DBA06 /* CompleteView.swift */; };
/* End PBXBuildFile section */

/* Begin PBXFileReference section */
		7E4A2ADA2C090092001DBA06 /* Test_Assignment.app */ = {isa = PBXFileReference; explicitFileType = wrapper.application; includeInIndex = 0; path = Test_Assignment.app; sourceTree = BUILT_PRODUCTS_DIR; };
		7E4A2ADD2C090092001DBA06 /* Test_AssignmentApp.swift */ = {isa = PBXFileReference; lastKnownFileType = sourcecode.swift; path = Test_AssignmentApp.swift; sourceTree = "<group>"; };
		7E4A2AE12C090093001DBA06 /* Assets.xcassets */ = {isa = PBXFileReference; lastKnownFileType = folder.assetcatalog; path = Assets.xcassets; sourceTree = "<group>"; };
		7E4A2AE42C090093001DBA06 /* Preview Assets.xcassets */ = {isa = PBXFileReference; lastKnownFileType = folder.assetcatalog; path = "Preview Assets.xcassets"; sourceTree = "<group>"; };
		7E4A2AED2C09124C001DBA06 /* PlaceholderView.swift */ = {isa = PBXFileReference; lastKnownFileType = sourcecode.swift; path = PlaceholderView.swift; sourceTree = "<group>"; };
		7E4A2AEF2C0912AA001DBA06 /* OnboardingView.swift */ = {isa = PBXFileReference; lastKnownFileType = sourcecode.swift; path = OnboardingView.swift; sourceTree = "<group>"; };
		7E4A2AF32C09209B001DBA06 /* MainView.swift */ = {isa = PBXFileReference; lastKnownFileType = sourcecode.swift; path = MainView.swift; sourceTree = "<group>"; };
		7E4A2AF52C092CA7001DBA06 /* SetView.swift */ = {isa = PBXFileReference; lastKnownFileType = sourcecode.swift; path = SetView.swift; sourceTree = "<group>"; };
		7E4A2AF72C0938D8001DBA06 /* SettingsView.swift */ = {isa = PBXFileReference; lastKnownFileType = sourcecode.swift; path = SettingsView.swift; sourceTree = "<group>"; };
		7E4A2AF92C093ACB001DBA06 /* MainScreen.swift */ = {isa = PBXFileReference; lastKnownFileType = sourcecode.swift; path = MainScreen.swift; sourceTree = "<group>"; };
		7E4A2AFB2C094198001DBA06 /* BackButton.swift */ = {isa = PBXFileReference; lastKnownFileType = sourcecode.swift; path = BackButton.swift; sourceTree = "<group>"; };
		7E4A2AFD2C09429F001DBA06 /* TermsView.swift */ = {isa = PBXFileReference; lastKnownFileType = sourcecode.swift; path = TermsView.swift; sourceTree = "<group>"; };
		7E4A2AFF2C094484001DBA06 /* PolicyView.swift */ = {isa = PBXFileReference; lastKnownFileType = sourcecode.swift; path = PolicyView.swift; sourceTree = "<group>"; };
		7E4A2B012C09457E001DBA06 /* AllSetsView.swift */ = {isa = PBXFileReference; lastKnownFileType = sourcecode.swift; path = AllSetsView.swift; sourceTree = "<group>"; };
		7E4A2B042C094651001DBA06 /* SetsData.swift */ = {isa = PBXFileReference; lastKnownFileType = sourcecode.swift; path = SetsData.swift; sourceTree = "<group>"; };
		7E4A2B062C094671001DBA06 /* SetModel.swift */ = {isa = PBXFileReference; lastKnownFileType = sourcecode.swift; path = SetModel.swift; sourceTree = "<group>"; };
		7E4A2B082C0946D6001DBA06 /* ExerciseModel.swift */ = {isa = PBXFileReference; lastKnownFileType = sourcecode.swift; path = ExerciseModel.swift; sourceTree = "<group>"; };
		7E4A2B0A2C09487D001DBA06 /* DetailView.swift */ = {isa = PBXFileReference; lastKnownFileType = sourcecode.swift; path = DetailView.swift; sourceTree = "<group>"; };
		7E4A2B0C2C098C63001DBA06 /* ActiveView.swift */ = {isa = PBXFileReference; lastKnownFileType = sourcecode.swift; path = ActiveView.swift; sourceTree = "<group>"; };
		7E4A2B0E2C0996D6001DBA06 /* CompleteView.swift */ = {isa = PBXFileReference; lastKnownFileType = sourcecode.swift; path = CompleteView.swift; sourceTree = "<group>"; };
/* End PBXFileReference section */

/* Begin PBXFrameworksBuildPhase section */
		7E4A2AD72C090092001DBA06 /* Frameworks */ = {
			isa = PBXFrameworksBuildPhase;
			buildActionMask = 2147483647;
			files = (
			);
			runOnlyForDeploymentPostprocessing = 0;
		};
/* End PBXFrameworksBuildPhase section */

/* Begin PBXGroup section */
		7E4A2AD12C090092001DBA06 = {
			isa = PBXGroup;
			children = (
				7E4A2ADC2C090092001DBA06 /* Test_Assignment */,
				7E4A2ADB2C090092001DBA06 /* Products */,
			);
			sourceTree = "<group>";
		};
		7E4A2ADB2C090092001DBA06 /* Products */ = {
			isa = PBXGroup;
			children = (
				7E4A2ADA2C090092001DBA06 /* Test_Assignment.app */,
			);
			name = Products;
			sourceTree = "<group>";
		};
		7E4A2ADC2C090092001DBA06 /* Test_Assignment */ = {
			isa = PBXGroup;
			children = (
				7E4A2ADD2C090092001DBA06 /* Test_AssignmentApp.swift */,
				7E4A2B112C099FBA001DBA06 /* CustomViews */,
				7E4A2B102C099F7D001DBA06 /* Screens */,
				7E4A2B032C094626001DBA06 /* Model */,
				7E4A2AE12C090093001DBA06 /* Assets.xcassets */,
				7E4A2AE32C090093001DBA06 /* Preview Content */,
			);
			path = Test_Assignment;
			sourceTree = "<group>";
		};
		7E4A2AE32C090093001DBA06 /* Preview Content */ = {
			isa = PBXGroup;
			children = (
				7E4A2AE42C090093001DBA06 /* Preview Assets.xcassets */,
			);
			path = "Preview Content";
			sourceTree = "<group>";
		};
		7E4A2B032C094626001DBA06 /* Model */ = {
			isa = PBXGroup;
			children = (
				7E4A2B042C094651001DBA06 /* SetsData.swift */,
				7E4A2B062C094671001DBA06 /* SetModel.swift */,
				7E4A2B082C0946D6001DBA06 /* ExerciseModel.swift */,
			);
			path = Model;
			sourceTree = "<group>";
		};
		7E4A2B102C099F7D001DBA06 /* Screens */ = {
			isa = PBXGroup;
			children = (
				7E4A2AED2C09124C001DBA06 /* PlaceholderView.swift */,
				7E4A2AEF2C0912AA001DBA06 /* OnboardingView.swift */,
				7E4A2AF92C093ACB001DBA06 /* MainScreen.swift */,
				7E4A2B012C09457E001DBA06 /* AllSetsView.swift */,
				7E4A2B0A2C09487D001DBA06 /* DetailView.swift */,
				7E4A2AFD2C09429F001DBA06 /* TermsView.swift */,
				7E4A2AFF2C094484001DBA06 /* PolicyView.swift */,
				7E4A2AF32C09209B001DBA06 /* MainView.swift */,
				7E4A2AF72C0938D8001DBA06 /* SettingsView.swift */,
				7E4A2B0E2C0996D6001DBA06 /* CompleteView.swift */,
				7E4A2B0C2C098C63001DBA06 /* ActiveView.swift */,
			);
			path = Screens;
			sourceTree = "<group>";
		};
		7E4A2B112C099FBA001DBA06 /* CustomViews */ = {
			isa = PBXGroup;
			children = (
				7E4A2AF52C092CA7001DBA06 /* SetView.swift */,
				7E4A2AFB2C094198001DBA06 /* BackButton.swift */,
			);
			path = CustomViews;
			sourceTree = "<group>";
		};
/* End PBXGroup section */

/* Begin PBXNativeTarget section */
		7E4A2AD92C090092001DBA06 /* Test_Assignment */ = {
			isa = PBXNativeTarget;
			buildConfigurationList = 7E4A2AE82C090093001DBA06 /* Build configuration list for PBXNativeTarget "Test_Assignment" */;
			buildPhases = (
				7E4A2AD62C090092001DBA06 /* Sources */,
				7E4A2AD72C090092001DBA06 /* Frameworks */,
				7E4A2AD82C090092001DBA06 /* Resources */,
			);
			buildRules = (
			);
			dependencies = (
			);
			name = Test_Assignment;
			productName = Test_Assignment;
			productReference = 7E4A2ADA2C090092001DBA06 /* Test_Assignment.app */;
			productType = "com.apple.product-type.application";
		};
/* End PBXNativeTarget section */

/* Begin PBXProject section */
		7E4A2AD22C090092001DBA06 /* Project object */ = {
			isa = PBXProject;
			attributes = {
				BuildIndependentTargetsInParallel = 1;
				LastSwiftUpdateCheck = 1540;
				LastUpgradeCheck = 1540;
				TargetAttributes = {
					7E4A2AD92C090092001DBA06 = {
						CreatedOnToolsVersion = 15.4;
					};
				};
			};
			buildConfigurationList = 7E4A2AD52C090092001DBA06 /* Build configuration list for PBXProject "Test_Assignment" */;
			compatibilityVersion = "Xcode 14.0";
			developmentRegion = en;
			hasScannedForEncodings = 0;
			knownRegions = (
				en,
				Base,
			);
			mainGroup = 7E4A2AD12C090092001DBA06;
			productRefGroup = 7E4A2ADB2C090092001DBA06 /* Products */;
			projectDirPath = "";
			projectRoot = "";
			targets = (
				7E4A2AD92C090092001DBA06 /* Test_Assignment */,
			);
		};
/* End PBXProject section */

/* Begin PBXResourcesBuildPhase section */
		7E4A2AD82C090092001DBA06 /* Resources */ = {
			isa = PBXResourcesBuildPhase;
			buildActionMask = 2147483647;
			files = (
				7E4A2AE52C090093001DBA06 /* Preview Assets.xcassets in Resources */,
				7E4A2AE22C090093001DBA06 /* Assets.xcassets in Resources */,
			);
			runOnlyForDeploymentPostprocessing = 0;
		};
/* End PBXResourcesBuildPhase section */

/* Begin PBXSourcesBuildPhase section */
		7E4A2AD62C090092001DBA06 /* Sources */ = {
			isa = PBXSourcesBuildPhase;
			buildActionMask = 2147483647;
			files = (
				7E4A2B022C09457E001DBA06 /* AllSetsView.swift in Sources */,
				7E4A2AF42C09209B001DBA06 /* MainView.swift in Sources */,
				7E4A2B0B2C09487D001DBA06 /* DetailView.swift in Sources */,
				7E4A2AF82C0938D8001DBA06 /* SettingsView.swift in Sources */,
				7E4A2ADE2C090092001DBA06 /* Test_AssignmentApp.swift in Sources */,
				7E4A2AFC2C094198001DBA06 /* BackButton.swift in Sources */,
				7E4A2AEE2C09124C001DBA06 /* PlaceholderView.swift in Sources */,
				7E4A2B072C094671001DBA06 /* SetModel.swift in Sources */,
				7E4A2AF02C0912AA001DBA06 /* OnboardingView.swift in Sources */,
				7E4A2B0D2C098C64001DBA06 /* ActiveView.swift in Sources */,
				7E4A2B0F2C0996D6001DBA06 /* CompleteView.swift in Sources */,
				7E4A2AFA2C093ACB001DBA06 /* MainScreen.swift in Sources */,
				7E4A2AF62C092CA7001DBA06 /* SetView.swift in Sources */,
				7E4A2B002C094484001DBA06 /* PolicyView.swift in Sources */,
				7E4A2AFE2C09429F001DBA06 /* TermsView.swift in Sources */,
				7E4A2B092C0946D6001DBA06 /* ExerciseModel.swift in Sources */,
				7E4A2B052C094651001DBA06 /* SetsData.swift in Sources */,
			);
			runOnlyForDeploymentPostprocessing = 0;
		};
/* End PBXSourcesBuildPhase section */

/* Begin XCBuildConfiguration section */
		7E4A2AE62C090093001DBA06 /* Debug */ = {
			isa = XCBuildConfiguration;
			buildSettings = {
				ALWAYS_SEARCH_USER_PATHS = NO;
				ASSETCATALOG_COMPILER_GENERATE_SWIFT_ASSET_SYMBOL_EXTENSIONS = YES;
				CLANG_ANALYZER_NONNULL = YES;
				CLANG_ANALYZER_NUMBER_OBJECT_CONVERSION = YES_AGGRESSIVE;
				CLANG_CXX_LANGUAGE_STANDARD = "gnu++20";
				CLANG_ENABLE_MODULES = YES;
				CLANG_ENABLE_OBJC_ARC = YES;
				CLANG_ENABLE_OBJC_WEAK = YES;
				CLANG_WARN_BLOCK_CAPTURE_AUTORELEASING = YES;
				CLANG_WARN_BOOL_CONVERSION = YES;
				CLANG_WARN_COMMA = YES;
				CLANG_WARN_CONSTANT_CONVERSION = YES;
				CLANG_WARN_DEPRECATED_OBJC_IMPLEMENTATIONS = YES;
				CLANG_WARN_DIRECT_OBJC_ISA_USAGE = YES_ERROR;
				CLANG_WARN_DOCUMENTATION_COMMENTS = YES;
				CLANG_WARN_EMPTY_BODY = YES;
				CLANG_WARN_ENUM_CONVERSION = YES;
				CLANG_WARN_INFINITE_RECURSION = YES;
				CLANG_WARN_INT_CONVERSION = YES;
				CLANG_WARN_NON_LITERAL_NULL_CONVERSION = YES;
				CLANG_WARN_OBJC_IMPLICIT_RETAIN_SELF = YES;
				CLANG_WARN_OBJC_LITERAL_CONVERSION = YES;
				CLANG_WARN_OBJC_ROOT_CLASS = YES_ERROR;
				CLANG_WARN_QUOTED_INCLUDE_IN_FRAMEWORK_HEADER = YES;
				CLANG_WARN_RANGE_LOOP_ANALYSIS = YES;
				CLANG_WARN_STRICT_PROTOTYPES = YES;
				CLANG_WARN_SUSPICIOUS_MOVE = YES;
				CLANG_WARN_UNGUARDED_AVAILABILITY = YES_AGGRESSIVE;
				CLANG_WARN_UNREACHABLE_CODE = YES;
				CLANG_WARN__DUPLICATE_METHOD_MATCH = YES;
				COPY_PHASE_STRIP = NO;
				DEBUG_INFORMATION_FORMAT = dwarf;
				ENABLE_STRICT_OBJC_MSGSEND = YES;
				ENABLE_TESTABILITY = YES;
				ENABLE_USER_SCRIPT_SANDBOXING = YES;
				GCC_C_LANGUAGE_STANDARD = gnu17;
				GCC_DYNAMIC_NO_PIC = NO;
				GCC_NO_COMMON_BLOCKS = YES;
				GCC_OPTIMIZATION_LEVEL = 0;
				GCC_PREPROCESSOR_DEFINITIONS = (
					"DEBUG=1",
					"$(inherited)",
				);
				GCC_WARN_64_TO_32_BIT_CONVERSION = YES;
				GCC_WARN_ABOUT_RETURN_TYPE = YES_ERROR;
				GCC_WARN_UNDECLARED_SELECTOR = YES;
				GCC_WARN_UNINITIALIZED_AUTOS = YES_AGGRESSIVE;
				GCC_WARN_UNUSED_FUNCTION = YES;
				GCC_WARN_UNUSED_VARIABLE = YES;
				IPHONEOS_DEPLOYMENT_TARGET = 17.5;
				LOCALIZATION_PREFERS_STRING_CATALOGS = YES;
				MTL_ENABLE_DEBUG_INFO = INCLUDE_SOURCE;
				MTL_FAST_MATH = YES;
				ONLY_ACTIVE_ARCH = YES;
				SDKROOT = iphoneos;
				SWIFT_ACTIVE_COMPILATION_CONDITIONS = "DEBUG $(inherited)";
				SWIFT_OPTIMIZATION_LEVEL = "-Onone";
			};
			name = Debug;
		};
		7E4A2AE72C090093001DBA06 /* Release */ = {
			isa = XCBuildConfiguration;
			buildSettings = {
				ALWAYS_SEARCH_USER_PATHS = NO;
				ASSETCATALOG_COMPILER_GENERATE_SWIFT_ASSET_SYMBOL_EXTENSIONS = YES;
				CLANG_ANALYZER_NONNULL = YES;
				CLANG_ANALYZER_NUMBER_OBJECT_CONVERSION = YES_AGGRESSIVE;
				CLANG_CXX_LANGUAGE_STANDARD = "gnu++20";
				CLANG_ENABLE_MODULES = YES;
				CLANG_ENABLE_OBJC_ARC = YES;
				CLANG_ENABLE_OBJC_WEAK = YES;
				CLANG_WARN_BLOCK_CAPTURE_AUTORELEASING = YES;
				CLANG_WARN_BOOL_CONVERSION = YES;
				CLANG_WARN_COMMA = YES;
				CLANG_WARN_CONSTANT_CONVERSION = YES;
				CLANG_WARN_DEPRECATED_OBJC_IMPLEMENTATIONS = YES;
				CLANG_WARN_DIRECT_OBJC_ISA_USAGE = YES_ERROR;
				CLANG_WARN_DOCUMENTATION_COMMENTS = YES;
				CLANG_WARN_EMPTY_BODY = YES;
				CLANG_WARN_ENUM_CONVERSION = YES;
				CLANG_WARN_INFINITE_RECURSION = YES;
				CLANG_WARN_INT_CONVERSION = YES;
				CLANG_WARN_NON_LITERAL_NULL_CONVERSION = YES;
				CLANG_WARN_OBJC_IMPLICIT_RETAIN_SELF = YES;
				CLANG_WARN_OBJC_LITERAL_CONVERSION = YES;
				CLANG_WARN_OBJC_ROOT_CLASS = YES_ERROR;
				CLANG_WARN_QUOTED_INCLUDE_IN_FRAMEWORK_HEADER = YES;
				CLANG_WARN_RANGE_LOOP_ANALYSIS = YES;
				CLANG_WARN_STRICT_PROTOTYPES = YES;
				CLANG_WARN_SUSPICIOUS_MOVE = YES;
				CLANG_WARN_UNGUARDED_AVAILABILITY = YES_AGGRESSIVE;
				CLANG_WARN_UNREACHABLE_CODE = YES;
				CLANG_WARN__DUPLICATE_METHOD_MATCH = YES;
				COPY_PHASE_STRIP = NO;
				DEBUG_INFORMATION_FORMAT = "dwarf-with-dsym";
				ENABLE_NS_ASSERTIONS = NO;
				ENABLE_STRICT_OBJC_MSGSEND = YES;
				ENABLE_USER_SCRIPT_SANDBOXING = YES;
				GCC_C_LANGUAGE_STANDARD = gnu17;
				GCC_NO_COMMON_BLOCKS = YES;
				GCC_WARN_64_TO_32_BIT_CONVERSION = YES;
				GCC_WARN_ABOUT_RETURN_TYPE = YES_ERROR;
				GCC_WARN_UNDECLARED_SELECTOR = YES;
				GCC_WARN_UNINITIALIZED_AUTOS = YES_AGGRESSIVE;
				GCC_WARN_UNUSED_FUNCTION = YES;
				GCC_WARN_UNUSED_VARIABLE = YES;
				IPHONEOS_DEPLOYMENT_TARGET = 17.5;
				LOCALIZATION_PREFERS_STRING_CATALOGS = YES;
				MTL_ENABLE_DEBUG_INFO = NO;
				MTL_FAST_MATH = YES;
				SDKROOT = iphoneos;
				SWIFT_COMPILATION_MODE = wholemodule;
				VALIDATE_PRODUCT = YES;
			};
			name = Release;
		};
		7E4A2AE92C090093001DBA06 /* Debug */ = {
			isa = XCBuildConfiguration;
			buildSettings = {
				ASSETCATALOG_COMPILER_APPICON_NAME = AppIcon;
				ASSETCATALOG_COMPILER_GLOBAL_ACCENT_COLOR_NAME = AccentColor;
				CODE_SIGN_STYLE = Automatic;
				CURRENT_PROJECT_VERSION = 1;
				DEVELOPMENT_ASSET_PATHS = "\"Test_Assignment/Preview Content\"";
				DEVELOPMENT_TEAM = 52LXM6K854;
				ENABLE_PREVIEWS = YES;
				GENERATE_INFOPLIST_FILE = YES;
				INFOPLIST_KEY_UIApplicationSceneManifest_Generation = YES;
				INFOPLIST_KEY_UIApplicationSupportsIndirectInputEvents = YES;
				INFOPLIST_KEY_UILaunchScreen_Generation = YES;
				INFOPLIST_KEY_UISupportedInterfaceOrientations_iPad = "UIInterfaceOrientationPortrait UIInterfaceOrientationPortraitUpsideDown UIInterfaceOrientationLandscapeLeft UIInterfaceOrientationLandscapeRight";
				INFOPLIST_KEY_UISupportedInterfaceOrientations_iPhone = "UIInterfaceOrientationPortrait UIInterfaceOrientationLandscapeLeft UIInterfaceOrientationLandscapeRight";
				LD_RUNPATH_SEARCH_PATHS = (
					"$(inherited)",
					"@executable_path/Frameworks",
				);
				MARKETING_VERSION = 1.0;
				PRODUCT_BUNDLE_IDENTIFIER = "com.Litvinchuk.Test-Assignment";
				PRODUCT_NAME = "$(TARGET_NAME)";
				SWIFT_EMIT_LOC_STRINGS = YES;
				SWIFT_VERSION = 5.0;
				TARGETED_DEVICE_FAMILY = "1,2";
			};
			name = Debug;
		};
		7E4A2AEA2C090093001DBA06 /* Release */ = {
			isa = XCBuildConfiguration;
			buildSettings = {
				ASSETCATALOG_COMPILER_APPICON_NAME = AppIcon;
				ASSETCATALOG_COMPILER_GLOBAL_ACCENT_COLOR_NAME = AccentColor;
				CODE_SIGN_STYLE = Automatic;
				CURRENT_PROJECT_VERSION = 1;
				DEVELOPMENT_ASSET_PATHS = "\"Test_Assignment/Preview Content\"";
				DEVELOPMENT_TEAM = 52LXM6K854;
				ENABLE_PREVIEWS = YES;
				GENERATE_INFOPLIST_FILE = YES;
				INFOPLIST_KEY_UIApplicationSceneManifest_Generation = YES;
				INFOPLIST_KEY_UIApplicationSupportsIndirectInputEvents = YES;
				INFOPLIST_KEY_UILaunchScreen_Generation = YES;
				INFOPLIST_KEY_UISupportedInterfaceOrientations_iPad = "UIInterfaceOrientationPortrait UIInterfaceOrientationPortraitUpsideDown UIInterfaceOrientationLandscapeLeft UIInterfaceOrientationLandscapeRight";
				INFOPLIST_KEY_UISupportedInterfaceOrientations_iPhone = "UIInterfaceOrientationPortrait UIInterfaceOrientationLandscapeLeft UIInterfaceOrientationLandscapeRight";
				LD_RUNPATH_SEARCH_PATHS = (
					"$(inherited)",
					"@executable_path/Frameworks",
				);
				MARKETING_VERSION = 1.0;
				PRODUCT_BUNDLE_IDENTIFIER = "com.Litvinchuk.Test-Assignment";
				PRODUCT_NAME = "$(TARGET_NAME)";
				SWIFT_EMIT_LOC_STRINGS = YES;
				SWIFT_VERSION = 5.0;
				TARGETED_DEVICE_FAMILY = "1,2";
			};
			name = Release;
		};
/* End XCBuildConfiguration section */

/* Begin XCConfigurationList section */
		7E4A2AD52C090092001DBA06 /* Build configuration list for PBXProject "Test_Assignment" */ = {
			isa = XCConfigurationList;
			buildConfigurations = (
				7E4A2AE62C090093001DBA06 /* Debug */,
				7E4A2AE72C090093001DBA06 /* Release */,
			);
			defaultConfigurationIsVisible = 0;
			defaultConfigurationName = Release;
		};
		7E4A2AE82C090093001DBA06 /* Build configuration list for PBXNativeTarget "Test_Assignment" */ = {
			isa = XCConfigurationList;
			buildConfigurations = (
				7E4A2AE92C090093001DBA06 /* Debug */,
				7E4A2AEA2C090093001DBA06 /* Release */,
			);
			defaultConfigurationIsVisible = 0;
			defaultConfigurationName = Release;
		};
/* End XCConfigurationList section */
	};
	rootObject = 7E4A2AD22C090092001DBA06 /* Project object */;
}
